
Microsoft Visual Studio Solution File, Format Version 12.00
# Visual Studio Version 17
VisualStudioVersion = 17.11.35222.181
MinimumVisualStudioVersion = 10.0.40219.1
Project("{FAE04EC0-301F-11D3-BF4B-00C04F79EFBC}") = "241209_jz_cs", "241209_jz_cs\241209_jz_cs.csproj", "{1B217BDA-4746-4894-A6DA-60FC11AB431E}"
EndProject
Global
	GlobalSection(SolutionConfigurationPlatforms) = preSolution
		Debug|Any CPU = Debug|Any CPU
		Release|Any CPU = Release|Any CPU
	EndGlobalSection
	GlobalSection(ProjectConfigurationPlatforms) = postSolution
		{1B217BDA-4746-4894-A6DA-60FC11AB431E}.Debug|Any CPU.ActiveCfg = Debug|Any CPU
		{1B217BDA-4746-4894-A6DA-60FC11AB431E}.Debug|Any CPU.Build.0 = Debug|Any CPU
		{1B217BDA-4746-4894-A6DA-60FC11AB431E}.Release|Any CPU.ActiveCfg = Release|Any CPU
		{1B217BDA-4746-4894-A6DA-60FC11AB431E}.Release|Any CPU.Build.0 = Release|Any CPU
	EndGlobalSection
	GlobalSection(SolutionProperties) = preSolution
		HideSolutionNode = FALSE
	EndGlobalSection
	GlobalSection(ExtensibilityGlobals) = postSolution
		SolutionGuid = {049BC309-4211-44F4-8524-6F1C81C315A8}
	EndGlobalSection
EndGlobal
